
Microsoft Visual Studio Solution File, Format Version 12.00
# Visual Studio Version 16
VisualStudioVersion = 16.0.31702.278
MinimumVisualStudioVersion = 10.0.40219.1
Project("{FAE04EC0-301F-11D3-BF4B-00C04F79EFBC}") = "U01A01a181G0250", "U01A01a181G0250\U01A01a181G0250.csproj", "{496D6365-1821-499F-9DA3-10A530EA5980}"
EndProject
Global
	GlobalSection(SolutionConfigurationPlatforms) = preSolution
		Debug|Any CPU = Debug|Any CPU
		Release|Any CPU = Release|Any CPU
	EndGlobalSection
	GlobalSection(ProjectConfigurationPlatforms) = postSolution
		{496D6365-1821-499F-9DA3-10A530EA5980}.Debug|Any CPU.ActiveCfg = Debug|Any CPU
		{496D6365-1821-499F-9DA3-10A530EA5980}.Debug|Any CPU.Build.0 = Debug|Any CPU
		{496D6365-1821-499F-9DA3-10A530EA5980}.Release|Any CPU.ActiveCfg = Release|Any CPU
		{496D6365-1821-499F-9DA3-10A530EA5980}.Release|Any CPU.Build.0 = Release|Any CPU
	EndGlobalSection
	GlobalSection(SolutionProperties) = preSolution
		HideSolutionNode = FALSE
	EndGlobalSection
	GlobalSection(ExtensibilityGlobals) = postSolution
		SolutionGuid = {ED34BB52-6FA8-410A-8CBF-1A85CC1A0E2A}
	EndGlobalSection
EndGlobal
